
Microsoft Visual Studio Solution File, Format Version 12.00
# Visual Studio 15
VisualStudioVersion = 15.0.27004.2002
MinimumVisualStudioVersion = 10.0.40219.1
Project("{FAE04EC0-301F-11D3-BF4B-00C04F79EFBC}") = "DiceApp.Core", "DiceApp.Core\DiceApp.Core.csproj", "{6B643DFB-7D38-47A6-8DE5-8FB28EA64BCA}"
EndProject
Project("{FAE04EC0-301F-11D3-BF4B-00C04F79EFBC}") = "DiceApp.UI.Console", "DiceApp.UI.Console\DiceApp.UI.Console.csproj", "{A2E90657-A356-4032-AE2E-034F35973C6A}"
EndProject
Project("{FAE04EC0-301F-11D3-BF4B-00C04F79EFBC}") = "DiceApp.Test", "DiceApp.Test\DiceApp.Test.csproj", "{DDFBE4B9-63AF-4355-B381-3F23C94BD30F}"
EndProject
Project("{FAE04EC0-301F-11D3-BF4B-00C04F79EFBC}") = "DiceApp.UI.WinForm", "DiceApp.UI.WinForm\DiceApp.UI.WinForm.csproj", "{EF97DA11-A880-4F29-8D35-09D180D80888}"
EndProject
Global
	GlobalSection(SolutionConfigurationPlatforms) = preSolution
		Debug|Any CPU = Debug|Any CPU
		Release|Any CPU = Release|Any CPU
	EndGlobalSection
	GlobalSection(ProjectConfigurationPlatforms) = postSolution
		{6B643DFB-7D38-47A6-8DE5-8FB28EA64BCA}.Debug|Any CPU.ActiveCfg = Debug|Any CPU
		{6B643DFB-7D38-47A6-8DE5-8FB28EA64BCA}.Debug|Any CPU.Build.0 = Debug|Any CPU
		{6B643DFB-7D38-47A6-8DE5-8FB28EA64BCA}.Release|Any CPU.ActiveCfg = Release|Any CPU
		{6B643DFB-7D38-47A6-8DE5-8FB28EA64BCA}.Release|Any CPU.Build.0 = Release|Any CPU
		{A2E90657-A356-4032-AE2E-034F35973C6A}.Debug|Any CPU.ActiveCfg = Debug|Any CPU
		{A2E90657-A356-4032-AE2E-034F35973C6A}.Debug|Any CPU.Build.0 = Debug|Any CPU
		{A2E90657-A356-4032-AE2E-034F35973C6A}.Release|Any CPU.ActiveCfg = Release|Any CPU
		{A2E90657-A356-4032-AE2E-034F35973C6A}.Release|Any CPU.Build.0 = Release|Any CPU
		{DDFBE4B9-63AF-4355-B381-3F23C94BD30F}.Debug|Any CPU.ActiveCfg = Debug|Any CPU
		{DDFBE4B9-63AF-4355-B381-3F23C94BD30F}.Debug|Any CPU.Build.0 = Debug|Any CPU
		{DDFBE4B9-63AF-4355-B381-3F23C94BD30F}.Release|Any CPU.ActiveCfg = Release|Any CPU
		{DDFBE4B9-63AF-4355-B381-3F23C94BD30F}.Release|Any CPU.Build.0 = Release|Any CPU
		{EF97DA11-A880-4F29-8D35-09D180D80888}.Debug|Any CPU.ActiveCfg = Debug|Any CPU
		{EF97DA11-A880-4F29-8D35-09D180D80888}.Debug|Any CPU.Build.0 = Debug|Any CPU
		{EF97DA11-A880-4F29-8D35-09D180D80888}.Release|Any CPU.ActiveCfg = Release|Any CPU
		{EF97DA11-A880-4F29-8D35-09D180D80888}.Release|Any CPU.Build.0 = Release|Any CPU
	EndGlobalSection
	GlobalSection(SolutionProperties) = preSolution
		HideSolutionNode = FALSE
	EndGlobalSection
	GlobalSection(ExtensibilityGlobals) = postSolution
		SolutionGuid = {0928E87F-CA22-4B0A-B24B-642BF2BA75FC}
	EndGlobalSection
EndGlobal
